# @generated by Move, please check-in and do not edit manually.

[move]
version = 2
manifest_digest = "E4219A7397D78E61B71608B529FA7EA848B1C67E2ED0B0621AA8F27D3178A2CF"
deps_digest = "3C4103934B1E040BB6B23F1D610B4EF9F2F1166A50A104EADCF77467C004C600"
dependencies = [
  { name = "NftProtocol" },
  { name = "Sui" },
]

[[move.package]]
name = "Allowlist"
source = { git = "https://github.com/Origin-Byte/nft-protocol.git", rev = "main", subdir = "contracts/allowlist" }

dependencies = [
  { name = "Permissions" },
  { name = "Sui" },
]

[[move.package]]
name = "Authlist"
source = { git = "https://github.com/Origin-Byte/nft-protocol.git", rev = "main", subdir = "contracts/authlist" }

dependencies = [
  { name = "Permissions" },
  { name = "Sui" },
]

[[move.package]]
name = "Kiosk"
source = { git = "https://github.com/Origin-Byte/nft-protocol.git", rev = "main", subdir = "contracts/kiosk" }

dependencies = [
  { name = "Permissions" },
  { name = "Request" },
  { name = "Sui" },
]

[[move.package]]
name = "MoveStdlib"
source = { git = "https://github.com/MystenLabs/sui.git", rev = "framework/mainnet", subdir = "crates/sui-framework/packages/move-stdlib" }

[[move.package]]
name = "NftProtocol"
source = { git = "https://github.com/Origin-Byte/nft-protocol.git", rev = "main", subdir = "contracts/nft_protocol" }

dependencies = [
  { name = "Allowlist" },
  { name = "Authlist" },
  { name = "Kiosk" },
  { name = "Originmate" },
  { name = "Permissions" },
  { name = "Pseudorandom" },
  { name = "Request" },
  { name = "Sui" },
  { name = "Utils" },
]

[[move.package]]
name = "Originmate"
source = { git = "https://github.com/Origin-Byte/nft-protocol.git", rev = "main", subdir = "contracts/originmate" }

dependencies = [
  { name = "Sui" },
]

[[move.package]]
name = "Permissions"
source = { git = "https://github.com/Origin-Byte/nft-protocol.git", rev = "main", subdir = "contracts/permissions" }

dependencies = [
  { name = "Sui" },
  { name = "Utils" },
]

[[move.package]]
name = "Pseudorandom"
source = { git = "https://github.com/Origin-Byte/nft-protocol.git", rev = "main", subdir = "contracts/pseudorandom" }

dependencies = [
  { name = "Sui" },
]

[[move.package]]
name = "Request"
source = { git = "https://github.com/Origin-Byte/nft-protocol.git", rev = "main", subdir = "contracts/request" }

dependencies = [
  { name = "Permissions" },
  { name = "Sui" },
]

[[move.package]]
name = "Sui"
source = { git = "https://github.com/MystenLabs/sui.git", rev = "framework/mainnet", subdir = "crates/sui-framework/packages/sui-framework" }

dependencies = [
  { name = "MoveStdlib" },
]

[[move.package]]
name = "Utils"
source = { git = "https://github.com/Origin-Byte/nft-protocol.git", rev = "main", subdir = "contracts/utils" }

dependencies = [
  { name = "Pseudorandom" },
  { name = "Sui" },
]

[move.toolchain-version]
compiler-version = "1.26.0"
edition = "2024.beta"
flavor = "sui"
